
Microsoft Visual Studio Solution File, Format Version 12.00
# Visual Studio Version 16
VisualStudioVersion = 16.0.31624.102
MinimumVisualStudioVersion = 10.0.40219.1
Project("{FAE04EC0-301F-11D3-BF4B-00C04F79EFBC}") = "PedraPapelTesoura", "PedraPapelTesoura.csproj", "{4DE39066-3222-41DF-AD15-53DD5B9A09B3}"
EndProject
Global
	GlobalSection(SolutionConfigurationPlatforms) = preSolution
		Debug|Any CPU = Debug|Any CPU
		Release|Any CPU = Release|Any CPU
	EndGlobalSection
	GlobalSection(ProjectConfigurationPlatforms) = postSolution
		{4DE39066-3222-41DF-AD15-53DD5B9A09B3}.Debug|Any CPU.ActiveCfg = Debug|Any CPU
		{4DE39066-3222-41DF-AD15-53DD5B9A09B3}.Debug|Any CPU.Build.0 = Debug|Any CPU
		{4DE39066-3222-41DF-AD15-53DD5B9A09B3}.Release|Any CPU.ActiveCfg = Release|Any CPU
		{4DE39066-3222-41DF-AD15-53DD5B9A09B3}.Release|Any CPU.Build.0 = Release|Any CPU
	EndGlobalSection
	GlobalSection(SolutionProperties) = preSolution
		HideSolutionNode = FALSE
	EndGlobalSection
	GlobalSection(ExtensibilityGlobals) = postSolution
		SolutionGuid = {AC75E6BD-63CB-4791-AF44-A6A518D2701C}
	EndGlobalSection
EndGlobal
